<?xml version="1.0" encoding="utf-8"?>
<Project ToolsVersion="4.0" xmlns="http://schemas.microsoft.com/developer/msbuild/2003">
  <ItemGroup>
    <Filter Include="Source Files">
      <UniqueIdentifier>{4FC737F1-C7A5-4376-A066-2A32D752A2FF}</UniqueIdentifier>
      <Extensions>cpp;c;cc;cxx;c++;cppm;ixx;def;odl;idl;hpj;bat;asm;asmx</Extensions>
    </Filter>
    <Filter Include="Header Files">
      <UniqueIdentifier>{93995380-89BD-4b04-88EB-625FBE52EBFB}</UniqueIdentifier>
      <Extensions>h;hh;hpp;hxx;h++;hm;inl;inc;ipp;xsd</Extensions>
    </Filter>
    <Filter Include="Resource Files">
      <UniqueIdentifier>{67DA6AB6-F800-4c08-8B7A-83BB121AAD01}</UniqueIdentifier>
      <Extensions>rc;ico;cur;bmp;dlg;rc2;rct;bin;rgs;gif;jpg;jpeg;jpe;resx;tiff;tif;png;wav;mfcribbon-ms</Extensions>
    </Filter>
  </ItemGroup>
  <ItemGroup>
    <ClInclude Include="Achoium\Achoium.h">
      <Filter>Header Files</Filter>
    </ClInclude>
    <ClInclude Include="Achoium\Debug.h">
      <Filter>Header Files</Filter>
    </ClInclude>
    <ClInclude Include="Achoium\Event\Event.hpp">
      <Filter>Header Files</Filter>
    </ClInclude>
    <ClInclude Include="SandBox\UnitTests\TestUnit.h">
      <Filter>Header Files</Filter>
    </ClInclude>
    <ClInclude Include="SandBox\UnitTests\Benchmark.h">
      <Filter>Header Files</Filter>
    </ClInclude>
    <ClInclude Include="Achoium\acpch.h">
      <Filter>Header Files</Filter>
    </ClInclude>
    <ClInclude Include="Achoium\Window\Window.h">
      <Filter>Header Files</Filter>
    </ClInclude>
    <ClInclude Include="Achoium\Window\WinWindow.h">
      <Filter>Header Files</Filter>
    </ClInclude>
    <ClInclude Include="Achoium\Event\KeyEvent.h">
      <Filter>Header Files</Filter>
    </ClInclude>
    <ClInclude Include="Achoium\Event\MouseEvent.h">
      <Filter>Header Files</Filter>
    </ClInclude>
    <ClInclude Include="Achoium\Event\WindowEvent.h">
      <Filter>Header Files</Filter>
    </ClInclude>
    <ClInclude Include="Achoium\Input\WindowsInput.h">
      <Filter>Header Files</Filter>
    </ClInclude>
    <ClInclude Include="Achoium\Input\Keycode.h">
      <Filter>Header Files</Filter>
    </ClInclude>
    <ClInclude Include="Achoium\GraphicContext\GraphicContext.h">
      <Filter>Header Files</Filter>
    </ClInclude>
    <ClInclude Include="Achoium\GraphicContext\OpenGLContext.h">
      <Filter>Header Files</Filter>
    </ClInclude>
    <ClInclude Include="Achoium\Render\Buffer.h">
      <Filter>Header Files</Filter>
    </ClInclude>
    <ClInclude Include="Achoium\Render\Renderer.h">
      <Filter>Header Files</Filter>
    </ClInclude>
    <ClInclude Include="Achoium\Render\Render.h">
      <Filter>Header Files</Filter>
    </ClInclude>
    <ClInclude Include="Achoium\Render\VertexArray.h">
      <Filter>Header Files</Filter>
    </ClInclude>
    <ClInclude Include="Achoium\Render\Shader.h">
      <Filter>Header Files</Filter>
    </ClInclude>
    <ClInclude Include="Achoium\Render\OpenGL\OpenGLBuffer.h">
      <Filter>Header Files</Filter>
    </ClInclude>
    <ClInclude Include="Achoium\Render\OpenGL\OpenGLRenderer.h">
      <Filter>Header Files</Filter>
    </ClInclude>
    <ClInclude Include="Achoium\Render\OpenGL\OpenGLShader.h">
      <Filter>Header Files</Filter>
    </ClInclude>
    <ClInclude Include="Achoium\Render\OpenGL\OpenGLVertexArray.h">
      <Filter>Header Files</Filter>
    </ClInclude>
    <ClInclude Include="Achoium\Util\util.h">
      <Filter>Header Files</Filter>
    </ClInclude>
    <ClInclude Include="Achoium\Math\Transform.h">
      <Filter>Header Files</Filter>
    </ClInclude>
    <ClInclude Include="Achoium\Math\util.h">
      <Filter>Header Files</Filter>
    </ClInclude>
    <ClInclude Include="Achoium\Render\Texture.h">
      <Filter>Header Files</Filter>
    </ClInclude>
    <ClInclude Include="Achoium\stb_image.h">
      <Filter>Header Files</Filter>
    </ClInclude>
    <ClInclude Include="Achoium\Render\OpenGL\OpenGLTexture2D.h">
      <Filter>Header Files</Filter>
    </ClInclude>
    <ClInclude Include="Achoium\EngineComponents\Sprite.h">
      <Filter>Header Files</Filter>
    </ClInclude>
    <ClInclude Include="Achoium\AssetManagement\AssetManager.h">
      <Filter>Header Files</Filter>
    </ClInclude>
    <ClInclude Include="Achoium\EngineComponents\Time.h">
      <Filter>Header Files</Filter>
    </ClInclude>
    <ClInclude Include="SandBox\UnitTests\TimeTest.h">
      <Filter>Header Files</Filter>
    </ClInclude>
    <ClInclude Include="Achoium\Event\AllowToken.h">
      <Filter>Header Files</Filter>
    </ClInclude>
    <ClInclude Include="SandBox\UnitTests\EventManagerTest.h">
      <Filter>Header Files</Filter>
    </ClInclude>
    <ClInclude Include="Achoium\Core\sparseset.hpp">
      <Filter>Header Files</Filter>
    </ClInclude>
    <ClInclude Include="Achoium\Core\World.hpp">
      <Filter>Header Files</Filter>
    </ClInclude>
    <ClInclude Include="Achoium\Core\ECSEvents.h">
      <Filter>Header Files</Filter>
    </ClInclude>
    <ClInclude Include="Achoium\Core\ECSDebug.h">
      <Filter>Header Files</Filter>
    </ClInclude>
    <ClInclude Include="SandBox\UnitTests\WorldTest.h">
      <Filter>Header Files</Filter>
    </ClInclude>
    <ClInclude Include="Achoium\EngineSystems\RenderSystems.h">
      <Filter>Header Files</Filter>
    </ClInclude>
    <ClInclude Include="Achoium\InitEngine.h">
      <Filter>Header Files</Filter>
    </ClInclude>
    <ClInclude Include="Achoium\EngineComponents\Physics\RigidBody.h">
      <Filter>Header Files</Filter>
    </ClInclude>
    <ClInclude Include="Achoium\EngineComponents\Physics\Collider.h">
      <Filter>Header Files</Filter>
    </ClInclude>
    <ClInclude Include="Achoium\EngineComponents\Physics\3D\BoxCollider.h">
      <Filter>Header Files</Filter>
    </ClInclude>
    <ClInclude Include="Achoium\EngineComponents\Physics\3D\SphereCollider.h">
      <Filter>Header Files</Filter>
    </ClInclude>
    <ClInclude Include="Achoium\EngineSystems\PhysicsSystem.h">
      <Filter>Header Files</Filter>
    </ClInclude>
    <ClInclude Include="SandBox\UnitTests\TestPhysics.h">
      <Filter>Header Files</Filter>
    </ClInclude>
    <ClInclude Include="Achoium\EngineSystems\TimeSystem.h">
      <Filter>Header Files</Filter>
    </ClInclude>
    <ClInclude Include="Achoium\EngineComponents\Physics\Physics.h">
      <Filter>Header Files</Filter>
    </ClInclude>
    <ClInclude Include="Achoium\EngineComponents\Physics\CollisionLayer.h">
      <Filter>Header Files</Filter>
    </ClInclude>
    <ClInclude Include="Achoium\EngineComponents\Physics\2D\CircleCollider2D.h">
      <Filter>Header Files</Filter>
    </ClInclude>
    <ClInclude Include="Achoium\EngineComponents\Physics\2D\RectCollider2D.h">
      <Filter>Header Files</Filter>
    </ClInclude>
    <ClInclude Include="Achoium\EngineComponents\Physics\2D\PolygonCollider2D.h">
      <Filter>Header Files</Filter>
    </ClInclude>
    <ClInclude Include="Achoium\EngineComponents\Physics\2D\RigidBody2D.h">
      <Filter>Header Files</Filter>
    </ClInclude>
    <ClInclude Include="Achoium\EngineComponents\Physics\2D\Collider2D.h">
      <Filter>Header Files</Filter>
    </ClInclude>
    <ClInclude Include="Achoium\EngineComponents\Tilemap.h">
      <Filter>Header Files</Filter>
    </ClInclude>
    <ClInclude Include="Achoium\Global.h">
      <Filter>Header Files</Filter>
    </ClInclude>
    <ClInclude Include="Achoium\Input\InputManager.h">
      <Filter>Header Files</Filter>
    </ClInclude>
    <ClInclude Include="Achoium\AssetManagement\AudioManager.h">
      <Filter>Header Files</Filter>
    </ClInclude>
    <ClInclude Include="Achoium\EngineComponents\Audio\Audio.h">
      <Filter>Header Files</Filter>
    </ClInclude>
    <ClInclude Include="Achoium\EngineSystems\AudioSystem.h">
      <Filter>Header Files</Filter>
    </ClInclude>
    <ClInclude Include="Achoium\EngineComponents\Camera.h">
      <Filter>Header Files</Filter>
    </ClInclude>
    <ClInclude Include="Achoium\EngineComponents\TextComponent.h">
      <Filter>Header Files</Filter>
    </ClInclude>
    <ClInclude Include="Achoium\EngineSystems\RenderTextSystems.h">
      <Filter>Header Files</Filter>
    </ClInclude>
    <ClInclude Include="SandBox\GameComponents\Components.h">
      <Filter>Header Files</Filter>
    </ClInclude>
    <ClInclude Include="SandBox\GameComponents\LevelManager.h">
      <Filter>Header Files</Filter>
    </ClInclude>
    <ClInclude Include="SandBox\GameComponents\PlayerControlSystem.h">
      <Filter>Header Files</Filter>
    </ClInclude>
    <ClInclude Include="SandBox\GameComponents\UpdateSprite.h">
      <Filter>Header Files</Filter>
    </ClInclude>
  </ItemGroup>
  <ItemGroup>
    <ClCompile Include="SandBox\Main.cpp">
      <Filter>Source Files</Filter>
    </ClCompile>
    <ClCompile Include="SandBox\UnitTests\TestUnit.cpp">
      <Filter>Source Files</Filter>
    </ClCompile>
    <ClCompile Include="SandBox\UnitTests\BenchmarkEvent.cpp">
      <Filter>Source Files</Filter>
    </ClCompile>
    <ClCompile Include="Achoium\acpch.cpp">
      <Filter>Source Files</Filter>
    </ClCompile>
    <ClCompile Include="Achoium\Window\WinWindow.cpp">
      <Filter>Source Files</Filter>
    </ClCompile>
    <ClCompile Include="Achoium\Input\WindowsInput.cpp">
      <Filter>Source Files</Filter>
    </ClCompile>
    <ClCompile Include="Achoium\GraphicContext\OpenGLContext.cpp">
      <Filter>Source Files</Filter>
    </ClCompile>
    <ClCompile Include="Achoium\Render\OpenGL\OpenGLBuffer.cpp">
      <Filter>Source Files</Filter>
    </ClCompile>
    <ClCompile Include="Achoium\Render\OpenGL\OpenGLRenderer.cpp">
      <Filter>Source Files</Filter>
    </ClCompile>
    <ClCompile Include="Achoium\Render\OpenGL\OpenGLShader.cpp">
      <Filter>Source Files</Filter>
    </ClCompile>
    <ClCompile Include="Achoium\Render\OpenGL\OpenGLVertexArray.cpp">
      <Filter>Source Files</Filter>
    </ClCompile>
    <ClCompile Include="Achoium\Util\util.cpp">
      <Filter>Source Files</Filter>
    </ClCompile>
    <ClCompile Include="Achoium\Math\Transform.cpp">
      <Filter>Source Files</Filter>
    </ClCompile>
    <ClCompile Include="Achoium\glad.c">
      <Filter>Source Files</Filter>
    </ClCompile>
    <ClCompile Include="Achoium\Render\OpenGL\OpenGLTexture2D.cpp">
      <Filter>Source Files</Filter>
    </ClCompile>
    <ClCompile Include="Achoium\EngineComponents\Sprite.cpp">
      <Filter>Source Files</Filter>
    </ClCompile>
    <ClCompile Include="Achoium\AssetManagement\AssetManager.cpp">
      <Filter>Source Files</Filter>
    </ClCompile>
    <ClCompile Include="Achoium\stb_image.c">
      <Filter>Source Files</Filter>
    </ClCompile>
    <ClCompile Include="Achoium\EngineComponents\Time.cpp">
      <Filter>Source Files</Filter>
    </ClCompile>
    <ClCompile Include="SandBox\UnitTests\TimeTest.cpp">
      <Filter>Source Files</Filter>
    </ClCompile>
    <ClCompile Include="SandBox\UnitTests\EventManagerTest.cpp">
      <Filter>Source Files</Filter>
    </ClCompile>
    <ClCompile Include="SandBox\UnitTests\WorldTest.cpp">
      <Filter>Source Files</Filter>
    </ClCompile>
    <ClCompile Include="Achoium\InitEngine.cpp">
      <Filter>Source Files</Filter>
    </ClCompile>
    <ClCompile Include="Achoium\EngineSystems\RenderSystems.cpp">
      <Filter>Source Files</Filter>
    </ClCompile>
    <ClCompile Include="Achoium\EngineComponents\Physics\RigidBody.cpp">
      <Filter>Source Files</Filter>
    </ClCompile>
    <ClCompile Include="Achoium\EngineComponents\Physics\Collider.cpp">
      <Filter>Source Files</Filter>
    </ClCompile>
    <ClCompile Include="Achoium\EngineComponents\Physics\3D\BoxCollider.cpp">
      <Filter>Source Files</Filter>
    </ClCompile>
    <ClCompile Include="Achoium\EngineSystems\PhysicsSystem.cpp">
      <Filter>Source Files</Filter>
    </ClCompile>
    <ClCompile Include="SandBox\UnitTests\TestPhysics.cpp">
      <Filter>Source Files</Filter>
    </ClCompile>
    <ClCompile Include="Achoium\EngineSystems\TimeSystem.cpp">
      <Filter>Source Files</Filter>
    </ClCompile>
    <ClCompile Include="Achoium\EngineComponents\Physics\3D\SphereCollider.cpp">
      <Filter>Source Files</Filter>
    </ClCompile>
    <ClCompile Include="Achoium\EngineComponents\Physics\CollisionLayer.cpp">
      <Filter>Source Files</Filter>
    </ClCompile>
    <ClCompile Include="Achoium\EngineComponents\Physics\2D\CircleCollider2D.cpp">
      <Filter>Source Files</Filter>
    </ClCompile>
    <ClCompile Include="Achoium\EngineComponents\Physics\2D\RectCollider2D.cpp">
      <Filter>Source Files</Filter>
    </ClCompile>
    <ClCompile Include="Achoium\EngineComponents\Physics\2D\PolygonCollider2D.cpp">
      <Filter>Source Files</Filter>
    </ClCompile>
    <ClCompile Include="Achoium\EngineComponents\Physics\2D\RigidBody2D.cpp">
      <Filter>Source Files</Filter>
    </ClCompile>
    <ClCompile Include="Achoium\EngineComponents\Physics\2D\Collider2D.cpp">
      <Filter>Source Files</Filter>
    </ClCompile>
    <ClCompile Include="Achoium\EngineComponents\Tilemap.cpp">
      <Filter>Source Files</Filter>
    </ClCompile>
    <ClCompile Include="Achoium\Global.cpp">
      <Filter>Source Files</Filter>
    </ClCompile>
    <ClCompile Include="Achoium\Input\InputManager.cpp">
      <Filter>Source Files</Filter>
    </ClCompile>
    <ClCompile Include="Achoium\AssetManagement\AudioManager.cpp">
      <Filter>Source Files</Filter>
    </ClCompile>
    <ClCompile Include="Achoium\EngineComponents\Audio\Audio.cpp">
      <Filter>Source Files</Filter>
    </ClCompile>
    <ClCompile Include="Achoium\EngineSystems\AudioSystem.cpp">
      <Filter>Source Files</Filter>
    </ClCompile>
    <ClCompile Include="Achoium\EngineSystems\RenderTextSystems.cpp">
      <Filter>Source Files</Filter>
    </ClCompile>
    <ClCompile Include="SandBox\GameComponents\LevelManager.cpp">
      <Filter>Source Files</Filter>
    </ClCompile>
    <ClCompile Include="SandBox\GameComponents\PlayerControlSystem.cpp">
      <Filter>Source Files</Filter>
    </ClCompile>
    <ClCompile Include="SandBox\GameComponents\UpdateSprite.cpp">
      <Filter>Source Files</Filter>
    </ClCompile>
  </ItemGroup>
  <ItemGroup>
    <Text Include="SandBox\Shader\ShaderTest.txt" />
    <Text Include="SandBox\Shader\fragmentShader.txt" />
    <Text Include="SandBox\Shader\TextureFragmentShader.txt" />
    <Text Include="SandBox\Shader\TextureVertexShader.txt" />
    <Text Include="SandBox\Shader\2DFragmentShader.txt" />
    <Text Include="SandBox\Shader\2DVertexShader.txt" />
    <Text Include="SandBox\Shader\DebugFragmentShader.txt" />
    <Text Include="SandBox\Shader\DebugVertexShader.txt" />
  </ItemGroup>
  <ItemGroup>
    <Image Include="SandBox\Image\grass.png">
      <Filter>Resource Files</Filter>
    </Image>
    <Image Include="SandBox\Image\grass2.jpg">
      <Filter>Resource Files</Filter>
    </Image>
    <Image Include="SandBox\Image\red.jpg">
      <Filter>Resource Files</Filter>
    </Image>
    <Image Include="SandBox\Image\null.png">
      <Filter>Resource Files</Filter>
    </Image>
    <Image Include="C:\Users\Nickwsy\Desktop\White.png">
      <Filter>Resource Files</Filter>
    </Image>
    <Image Include="SandBox\Image\White.png">
      <Filter>Resource Files</Filter>
    </Image>
  </ItemGroup>
  <ItemGroup>
    <None Include="cpp.hint" />
    <None Include="SandBox\Audio\test.ogg" />
    <None Include="SandBox\Shader\TextFragmentShader.glsl" />
    <None Include="SandBox\Shader\TextVertexShader.glsl" />
    <None Include="SandBox\Shader\CircleShaderFragment.glsl" />
    <None Include="SandBox\Shader\CircleShaderVertex.glsl" />
  </ItemGroup>
</Project>